{
  "name": "@partner-mem/hermes-runtime",
  "version": "1.0.0",
  "lockfileVersion": 3,
  "requires": true,
  "packages": {
    "": {
      "name": "@partner-mem/hermes-runtime",
      "version": "1.0.0",
      "dependencies": {
        "@photostructure/sqlite": "2.2.0"
      },
      "bin": {
        "partner-mem-runtime": "dist/runtime/cli.js"
      },
      "engines": {
        "node": ">=22.22.3 <23 || >=24.15.0 <25 || >=25.9.0"
      }
    },
    "node_modules/@photostructure/sqlite": {
      "version": "2.2.0",
      "resolved": "https://registry.npmjs.org/@photostructure/sqlite/-/sqlite-2.2.0.tgz",
      "integrity": "sha512-Emv7SpngvzltsGubRS/soq92CeDfoNBRZ3Ron1HfQCijymxoZlmi5ogaJE/vmpQ6xtr76twCEGpJJLH5OdKBIw==",
      "cpu": [
        "x64",
        "arm64"
      ],
      "hasInstallScript": true,
      "license": "MIT",
      "os": [
        "darwin",
        "linux",
        "win32"
      ],
      "dependencies": {
        "node-addon-api": "8.9.0",
        "node-gyp-build": "^4.8.4"
      },
      "engines": {
        "node": ">=22"
      }
    },
    "node_modules/node-addon-api": {
      "version": "8.9.0",
      "resolved": "https://registry.npmjs.org/node-addon-api/-/node-addon-api-8.9.0.tgz",
      "integrity": "sha512-ekZMeaaIzSQTSpr7X2X3iJM7lTzgnx8ahAG9pJfT/7+14mlEM8ZYQ9cgCDvSSRbReFK0oHli3WrZdCiRsgAT9Q==",
      "license": "MIT",
      "engines": {
        "node": "^18 || ^20 || >= 21"
      }
    },
    "node_modules/node-gyp-build": {
      "version": "4.8.4",
      "resolved": "https://registry.npmjs.org/node-gyp-build/-/node-gyp-build-4.8.4.tgz",
      "integrity": "sha512-LA4ZjwlnUblHVgq0oBF3Jl/6h/Nvs5fzBLwdEF4nuxnFdsfajde4WfxtJr3CaiH+F6ewcIB/q4jQ4UzPyid+CQ==",
      "license": "MIT",
      "bin": {
        "node-gyp-build": "bin.js",
        "node-gyp-build-optional": "optional.js",
        "node-gyp-build-test": "build-test.js"
      }
    }
  }
}
