{
  "name": "@partner-mem/hermes-runtime",
  "version": "0.1.0",
  "lockfileVersion": 3,
  "requires": true,
  "packages": {
    "": {
      "name": "@partner-mem/hermes-runtime",
      "version": "0.1.0",
      "dependencies": {
        "@photostructure/sqlite": "1.2.1"
      },
      "engines": {
        "node": ">=20"
      }
    },
    "node_modules/@photostructure/sqlite": {
      "version": "1.2.1",
      "resolved": "https://registry.npmjs.org/@photostructure/sqlite/-/sqlite-1.2.1.tgz",
      "integrity": "sha512-DfWwnfp9t4kCorSWsL0/d9pNvAC6n7kYWs239r325WeRllRg9FlTtVgdzz/P8HG1RM5VwCwn6FPp1a42q2gAMQ==",
      "cpu": [
        "x64",
        "arm64"
      ],
      "hasInstallScript": true,
      "license": "MIT",
      "os": [
        "darwin",
        "linux",
        "win32"
      ],
      "dependencies": {
        "node-addon-api": "^8.7.0",
        "node-gyp-build": "^4.8.4"
      },
      "engines": {
        "node": ">=20.0.0"
      }
    },
    "node_modules/node-addon-api": {
      "version": "8.9.0",
      "resolved": "https://registry.npmjs.org/node-addon-api/-/node-addon-api-8.9.0.tgz",
      "integrity": "sha512-ekZMeaaIzSQTSpr7X2X3iJM7lTzgnx8ahAG9pJfT/7+14mlEM8ZYQ9cgCDvSSRbReFK0oHli3WrZdCiRsgAT9Q==",
      "license": "MIT",
      "engines": {
        "node": "^18 || ^20 || >= 21"
      }
    },
    "node_modules/node-gyp-build": {
      "version": "4.8.4",
      "resolved": "https://registry.npmjs.org/node-gyp-build/-/node-gyp-build-4.8.4.tgz",
      "integrity": "sha512-LA4ZjwlnUblHVgq0oBF3Jl/6h/Nvs5fzBLwdEF4nuxnFdsfajde4WfxtJr3CaiH+F6ewcIB/q4jQ4UzPyid+CQ==",
      "license": "MIT",
      "bin": {
        "node-gyp-build": "bin.js",
        "node-gyp-build-optional": "optional.js",
        "node-gyp-build-test": "build-test.js"
      }
    }
  }
}
